{
  "name": "miniprogram",
  "version": "1.0.0",
  "lockfileVersion": 2,
  "requires": true,
  "packages": {
    "": {
      "name": "miniprogram",
      "version": "1.0.0",
      "license": "ISC",
      "dependencies": {
        "@vant/weapp": "^1.11.7",
        "miniprogram-barrage": "^1.1.0",
        "miniprogram-recycle-view": "^0.1.5",
        "threejs-miniprogram": "0.0.3",
        "wxml-to-canvas": "^1.1.1"
      }
    },
    "node_modules/@vant/weapp": {
      "version": "1.11.7",
      "resolved": "https://registry.npmmirror.com/@vant/weapp/-/weapp-1.11.7.tgz",
      "integrity": "sha512-Rwn9BBnb4kHSV4XmvBicwtd42J+amEUfnFDcXJsGNPNX4a9c/DoT6YLsm4X1wB2+sQbdiQsbFBLAvGRBxCkD8g=="
    },
    "node_modules/eventemitter3": {
      "version": "4.0.7",
      "resolved": "https://registry.npmmirror.com/eventemitter3/-/eventemitter3-4.0.7.tgz",
      "integrity": "sha512-8guHBZCwKnFhYdHr2ysuRWErTwhoN2X8XELRlrRwpmfeY2jjuUN4taQMsULKUVo1K4DvZl+0pgfyoysHxvmvEw=="
    },
    "node_modules/miniprogram-barrage": {
      "version": "1.1.1",
      "resolved": "https://registry.npmmirror.com/miniprogram-barrage/-/miniprogram-barrage-1.1.1.tgz",
      "integrity": "sha512-wizWzbKOXHiSiWB/WU85eqlAG+mo7G9RwwZBhoCZIgg3ASgEfcCKAr65UaJfttQSFkw8eKKDX9iFCqMGntn3GA=="
    },
    "node_modules/miniprogram-recycle-view": {
      "version": "0.1.5",
      "resolved": "https://registry.npmmirror.com/miniprogram-recycle-view/-/miniprogram-recycle-view-0.1.5.tgz",
      "integrity": "sha512-Pfm/u+jfg+b5zDhjXqm7QbR9IuViqX8JyzcHDgr6Zw9wSK0wmbXNzscA1WoSnGP5Z2nG2TIqtiNXvEbvsyrxXA=="
    },
    "node_modules/threejs-miniprogram": {
      "version": "0.0.3",
      "resolved": "https://registry.npmmirror.com/threejs-miniprogram/-/threejs-miniprogram-0.0.3.tgz",
      "integrity": "sha512-4vsHYrA5ZRCelkZ6TXs7/TFIyYDcwfrT0j5E12tMLSFI4VDYsto8fhSbIRlOVmyGT6JhhIG9CqumTInmxlLM8Q=="
    },
    "node_modules/widget-ui": {
      "version": "1.0.2",
      "resolved": "https://registry.npmmirror.com/widget-ui/-/widget-ui-1.0.2.tgz",
      "integrity": "sha512-gDXosr5mflJdMA1weU1A47aTsTFfMJhfA4EKgO5XFebY3eVklf80KD4GODfrjo8J2WQ+9YjL1Rd9UUmKIzhShw==",
      "dependencies": {
        "eventemitter3": "^4.0.0"
      }
    },
    "node_modules/wxml-to-canvas": {
      "version": "1.1.1",
      "resolved": "https://registry.npmmirror.com/wxml-to-canvas/-/wxml-to-canvas-1.1.1.tgz",
      "integrity": "sha512-3mDjHzujY/UgdCOXij/MnmwJYerVjwkyQHMBFBE8zh89DK7h7UTzoydWFqEBjIC0rfZM+AXl5kDh9hUcsNpSmg==",
      "dependencies": {
        "widget-ui": "^1.0.2"
      }
    }
  },
  "dependencies": {
    "@vant/weapp": {
      "version": "1.11.7",
      "resolved": "https://registry.npmmirror.com/@vant/weapp/-/weapp-1.11.7.tgz",
      "integrity": "sha512-Rwn9BBnb4kHSV4XmvBicwtd42J+amEUfnFDcXJsGNPNX4a9c/DoT6YLsm4X1wB2+sQbdiQsbFBLAvGRBxCkD8g=="
    },
    "eventemitter3": {
      "version": "4.0.7",
      "resolved": "https://registry.npmmirror.com/eventemitter3/-/eventemitter3-4.0.7.tgz",
      "integrity": "sha512-8guHBZCwKnFhYdHr2ysuRWErTwhoN2X8XELRlrRwpmfeY2jjuUN4taQMsULKUVo1K4DvZl+0pgfyoysHxvmvEw=="
    },
    "miniprogram-barrage": {
      "version": "1.1.1",
      "resolved": "https://registry.npmmirror.com/miniprogram-barrage/-/miniprogram-barrage-1.1.1.tgz",
      "integrity": "sha512-wizWzbKOXHiSiWB/WU85eqlAG+mo7G9RwwZBhoCZIgg3ASgEfcCKAr65UaJfttQSFkw8eKKDX9iFCqMGntn3GA=="
    },
    "miniprogram-recycle-view": {
      "version": "0.1.5",
      "resolved": "https://registry.npmmirror.com/miniprogram-recycle-view/-/miniprogram-recycle-view-0.1.5.tgz",
      "integrity": "sha512-Pfm/u+jfg+b5zDhjXqm7QbR9IuViqX8JyzcHDgr6Zw9wSK0wmbXNzscA1WoSnGP5Z2nG2TIqtiNXvEbvsyrxXA=="
    },
    "threejs-miniprogram": {
      "version": "0.0.3",
      "resolved": "https://registry.npmmirror.com/threejs-miniprogram/-/threejs-miniprogram-0.0.3.tgz",
      "integrity": "sha512-4vsHYrA5ZRCelkZ6TXs7/TFIyYDcwfrT0j5E12tMLSFI4VDYsto8fhSbIRlOVmyGT6JhhIG9CqumTInmxlLM8Q=="
    },
    "widget-ui": {
      "version": "1.0.2",
      "resolved": "https://registry.npmmirror.com/widget-ui/-/widget-ui-1.0.2.tgz",
      "integrity": "sha512-gDXosr5mflJdMA1weU1A47aTsTFfMJhfA4EKgO5XFebY3eVklf80KD4GODfrjo8J2WQ+9YjL1Rd9UUmKIzhShw==",
      "requires": {
        "eventemitter3": "^4.0.0"
      }
    },
    "wxml-to-canvas": {
      "version": "1.1.1",
      "resolved": "https://registry.npmmirror.com/wxml-to-canvas/-/wxml-to-canvas-1.1.1.tgz",
      "integrity": "sha512-3mDjHzujY/UgdCOXij/MnmwJYerVjwkyQHMBFBE8zh89DK7h7UTzoydWFqEBjIC0rfZM+AXl5kDh9hUcsNpSmg==",
      "requires": {
        "widget-ui": "^1.0.2"
      }
    }
  }
}
